
Microsoft Visual Studio Solution File, Format Version 12.00
# Visual Studio 2015
Project("{FAE04EC0-301F-11D3-BF4B-00C04F79EFBC}") = "RogueCrawler.CSharp", "RogueCrawler.CSharp.csproj", "{56EFD224-F144-A6CD-2ACF-C32E8E4969AB}"
EndProject
Global
	GlobalSection(SolutionConfigurationPlatforms) = preSolution
		Debug|Any CPU = Debug|Any CPU
		Release|Any CPU = Release|Any CPU
	EndGlobalSection
	GlobalSection(ProjectConfigurationPlatforms) = postSolution
		{56EFD224-F144-A6CD-2ACF-C32E8E4969AB}.Debug|Any CPU.ActiveCfg = Debug|Any CPU
		{56EFD224-F144-A6CD-2ACF-C32E8E4969AB}.Debug|Any CPU.Build.0 = Debug|Any CPU
		{56EFD224-F144-A6CD-2ACF-C32E8E4969AB}.Release|Any CPU.ActiveCfg = Release|Any CPU
		{56EFD224-F144-A6CD-2ACF-C32E8E4969AB}.Release|Any CPU.Build.0 = Release|Any CPU
	EndGlobalSection
	GlobalSection(SolutionProperties) = preSolution
		HideSolutionNode = FALSE
	EndGlobalSection
EndGlobal
